// !$*UTF8*$!
{
	archiveVersion = 1;
	classes = {
	};
	objectVersion = 50;
	objects = {

/* Begin PBXBuildFile section */
		92AEB37E268A9E380060787F /* Tests_iOS.swift in Sources */ = {isa = PBXBuildFile; fileRef = 92AEB37D268A9E380060787F /* Tests_iOS.swift */; };
		92AEB389268A9E380060787F /* Tests_macOS.swift in Sources */ = {isa = PBXBuildFile; fileRef = 92AEB388268A9E380060787F /* Tests_macOS.swift */; };
		92AEB38B268A9E380060787F /* sim.xcdatamodeld in Sources */ = {isa = PBXBuildFile; fileRef = 92AEB35F268A9E350060787F /* sim.xcdatamodeld */; };
		92AEB38C268A9E380060787F /* sim.xcdatamodeld in Sources */ = {isa = PBXBuildFile; fileRef = 92AEB35F268A9E350060787F /* sim.xcdatamodeld */; };
		92AEB38D268A9E380060787F /* simApp.swift in Sources */ = {isa = PBXBuildFile; fileRef = 92AEB361268A9E350060787F /* simApp.swift */; };
		92AEB38E268A9E380060787F /* simApp.swift in Sources */ = {isa = PBXBuildFile; fileRef = 92AEB361268A9E350060787F /* simApp.swift */; };
		92AEB38F268A9E380060787F /* ContentView.swift in Sources */ = {isa = PBXBuildFile; fileRef = 92AEB362268A9E350060787F /* ContentView.swift */; };
		92AEB390268A9E380060787F /* ContentView.swift in Sources */ = {isa = PBXBuildFile; fileRef = 92AEB362268A9E350060787F /* ContentView.swift */; };
		92AEB391268A9E380060787F /* Persistence.swift in Sources */ = {isa = PBXBuildFile; fileRef = 92AEB363268A9E350060787F /* Persistence.swift */; };
		92AEB392268A9E380060787F /* Persistence.swift in Sources */ = {isa = PBXBuildFile; fileRef = 92AEB363268A9E350060787F /* Persistence.swift */; };
		92AEB393268A9E380060787F /* Assets.xcassets in Resources */ = {isa = PBXBuildFile; fileRef = 92AEB364268A9E380060787F /* Assets.xcassets */; };
		92AEB394268A9E380060787F /* Assets.xcassets in Resources */ = {isa = PBXBuildFile; fileRef = 92AEB364268A9E380060787F /* Assets.xcassets */; };
/* End PBXBuildFile section */

/* Begin PBXContainerItemProxy section */
		92AEB37A268A9E380060787F /* PBXContainerItemProxy */ = {
			isa = PBXContainerItemProxy;
			containerPortal = 92AEB35A268A9E350060787F /* Project object */;
			proxyType = 1;
			remoteGlobalIDString = 92AEB368268A9E380060787F;
			remoteInfo = "sim (iOS)";
		};
		92AEB385268A9E380060787F /* PBXContainerItemProxy */ = {
			isa = PBXContainerItemProxy;
			containerPortal = 92AEB35A268A9E350060787F /* Project object */;
			proxyType = 1;
			remoteGlobalIDString = 92AEB370268A9E380060787F;
			remoteInfo = "sim (macOS)";
		};
/* End PBXContainerItemProxy section */

/* Begin PBXFileReference section */
		92AEB360268A9E350060787F /* Shared.xcdatamodel */ = {isa = PBXFileReference; lastKnownFileType = wrapper.xcdatamodel; path = Shared.xcdatamodel; sourceTree = "<group>"; };
		92AEB361268A9E350060787F /* simApp.swift */ = {isa = PBXFileReference; lastKnownFileType = sourcecode.swift; path = simApp.swift; sourceTree = "<group>"; };
		92AEB362268A9E350060787F /* ContentView.swift */ = {isa = PBXFileReference; lastKnownFileType = sourcecode.swift; path = ContentView.swift; sourceTree = "<group>"; };
		92AEB363268A9E350060787F /* Persistence.swift */ = {isa = PBXFileReference; lastKnownFileType = sourcecode.swift; path = Persistence.swift; sourceTree = "<group>"; };
		92AEB364268A9E380060787F /* Assets.xcassets */ = {isa = PBXFileReference; lastKnownFileType = folder.assetcatalog; path = Assets.xcassets; sourceTree = "<group>"; };
		92AEB369268A9E380060787F /* sim.app */ = {isa = PBXFileReference; explicitFileType = wrapper.application; includeInIndex = 0; path = sim.app; sourceTree = BUILT_PRODUCTS_DIR; };
		92AEB36C268A9E380060787F /* Info.plist */ = {isa = PBXFileReference; lastKnownFileType = text.plist.xml; path = Info.plist; sourceTree = "<group>"; };
		92AEB371268A9E380060787F /* sim.app */ = {isa = PBXFileReference; explicitFileType = wrapper.application; includeInIndex = 0; path = sim.app; sourceTree = BUILT_PRODUCTS_DIR; };
		92AEB373268A9E380060787F /* Info.plist */ = {isa = PBXFileReference; lastKnownFileType = text.plist.xml; path = Info.plist; sourceTree = "<group>"; };
		92AEB374268A9E380060787F /* macOS.entitlements */ = {isa = PBXFileReference; lastKnownFileType = text.plist.entitlements; path = macOS.entitlements; sourceTree = "<group>"; };
		92AEB379268A9E380060787F /* Tests iOS.xctest */ = {isa = PBXFileReference; explicitFileType = wrapper.cfbundle; includeInIndex = 0; path = "Tests iOS.xctest"; sourceTree = BUILT_PRODUCTS_DIR; };
		92AEB37D268A9E380060787F /* Tests_iOS.swift */ = {isa = PBXFileReference; lastKnownFileType = sourcecode.swift; path = Tests_iOS.swift; sourceTree = "<group>"; };
		92AEB37F268A9E380060787F /* Info.plist */ = {isa = PBXFileReference; lastKnownFileType = text.plist.xml; path = Info.plist; sourceTree = "<group>"; };
		92AEB384268A9E380060787F /* Tests macOS.xctest */ = {isa = PBXFileReference; explicitFileType = wrapper.cfbundle; includeInIndex = 0; path = "Tests macOS.xctest"; sourceTree = BUILT_PRODUCTS_DIR; };
		92AEB388268A9E380060787F /* Tests_macOS.swift */ = {isa = PBXFileReference; lastKnownFileType = sourcecode.swift; path = Tests_macOS.swift; sourceTree = "<group>"; };
		92AEB38A268A9E380060787F /* Info.plist */ = {isa = PBXFileReference; lastKnownFileType = text.plist.xml; path = Info.plist; sourceTree = "<group>"; };
/* End PBXFileReference section */

/* Begin PBXFrameworksBuildPhase section */
		92AEB366268A9E380060787F /* Frameworks */ = {
			isa = PBXFrameworksBuildPhase;
			buildActionMask = 2147483647;
			files = (
			);
			runOnlyForDeploymentPostprocessing = 0;
		};
		92AEB36E268A9E380060787F /* Frameworks */ = {
			isa = PBXFrameworksBuildPhase;
			buildActionMask = 2147483647;
			files = (
			);
			runOnlyForDeploymentPostprocessing = 0;
		};
		92AEB376268A9E380060787F /* Frameworks */ = {
			isa = PBXFrameworksBuildPhase;
			buildActionMask = 2147483647;
			files = (
			);
			runOnlyForDeploymentPostprocessing = 0;
		};
		92AEB381268A9E380060787F /* Frameworks */ = {
			isa = PBXFrameworksBuildPhase;
			buildActionMask = 2147483647;
			files = (
			);
			runOnlyForDeploymentPostprocessing = 0;
		};
/* End PBXFrameworksBuildPhase section */

/* Begin PBXGroup section */
		92AEB359268A9E350060787F = {
			isa = PBXGroup;
			children = (
				92AEB35E268A9E350060787F /* Shared */,
				92AEB36B268A9E380060787F /* iOS */,
				92AEB372268A9E380060787F /* macOS */,
				92AEB37C268A9E380060787F /* Tests iOS */,
				92AEB387268A9E380060787F /* Tests macOS */,
				92AEB36A268A9E380060787F /* Products */,
			);
			sourceTree = "<group>";
		};
		92AEB35E268A9E350060787F /* Shared */ = {
			isa = PBXGroup;
			children = (
				92AEB361268A9E350060787F /* simApp.swift */,
				92AEB362268A9E350060787F /* ContentView.swift */,
				92AEB363268A9E350060787F /* Persistence.swift */,
				92AEB364268A9E380060787F /* Assets.xcassets */,
				92AEB35F268A9E350060787F /* sim.xcdatamodeld */,
			);
			path = Shared;
			sourceTree = "<group>";
		};
		92AEB36A268A9E380060787F /* Products */ = {
			isa = PBXGroup;
			children = (
				92AEB369268A9E380060787F /* sim.app */,
				92AEB371268A9E380060787F /* sim.app */,
				92AEB379268A9E380060787F /* Tests iOS.xctest */,
				92AEB384268A9E380060787F /* Tests macOS.xctest */,
			);
			name = Products;
			sourceTree = "<group>";
		};
		92AEB36B268A9E380060787F /* iOS */ = {
			isa = PBXGroup;
			children = (
				92AEB36C268A9E380060787F /* Info.plist */,
			);
			path = iOS;
			sourceTree = "<group>";
		};
		92AEB372268A9E380060787F /* macOS */ = {
			isa = PBXGroup;
			children = (
				92AEB373268A9E380060787F /* Info.plist */,
				92AEB374268A9E380060787F /* macOS.entitlements */,
			);
			path = macOS;
			sourceTree = "<group>";
		};
		92AEB37C268A9E380060787F /* Tests iOS */ = {
			isa = PBXGroup;
			children = (
				92AEB37D268A9E380060787F /* Tests_iOS.swift */,
				92AEB37F268A9E380060787F /* Info.plist */,
			);
			path = "Tests iOS";
			sourceTree = "<group>";
		};
		92AEB387268A9E380060787F /* Tests macOS */ = {
			isa = PBXGroup;
			children = (
				92AEB388268A9E380060787F /* Tests_macOS.swift */,
				92AEB38A268A9E380060787F /* Info.plist */,
			);
			path = "Tests macOS";
			sourceTree = "<group>";
		};
/* End PBXGroup section */

/* Begin PBXNativeTarget section */
		92AEB368268A9E380060787F /* sim (iOS) */ = {
			isa = PBXNativeTarget;
			buildConfigurationList = 92AEB397268A9E380060787F /* Build configuration list for PBXNativeTarget "sim (iOS)" */;
			buildPhases = (
				92AEB365268A9E380060787F /* Sources */,
				92AEB366268A9E380060787F /* Frameworks */,
				92AEB367268A9E380060787F /* Resources */,
			);
			buildRules = (
			);
			dependencies = (
			);
			name = "sim (iOS)";
			productName = "sim (iOS)";
			productReference = 92AEB369268A9E380060787F /* sim.app */;
			productType = "com.apple.product-type.application";
		};
		92AEB370268A9E380060787F /* sim (macOS) */ = {
			isa = PBXNativeTarget;
			buildConfigurationList = 92AEB39A268A9E380060787F /* Build configuration list for PBXNativeTarget "sim (macOS)" */;
			buildPhases = (
				92AEB36D268A9E380060787F /* Sources */,
				92AEB36E268A9E380060787F /* Frameworks */,
				92AEB36F268A9E380060787F /* Resources */,
			);
			buildRules = (
			);
			dependencies = (
			);
			name = "sim (macOS)";
			productName = "sim (macOS)";
			productReference = 92AEB371268A9E380060787F /* sim.app */;
			productType = "com.apple.product-type.application";
		};
		92AEB378268A9E380060787F /* Tests iOS */ = {
			isa = PBXNativeTarget;
			buildConfigurationList = 92AEB39D268A9E380060787F /* Build configuration list for PBXNativeTarget "Tests iOS" */;
			buildPhases = (
				92AEB375268A9E380060787F /* Sources */,
				92AEB376268A9E380060787F /* Frameworks */,
				92AEB377268A9E380060787F /* Resources */,
			);
			buildRules = (
			);
			dependencies = (
				92AEB37B268A9E380060787F /* PBXTargetDependency */,
			);
			name = "Tests iOS";
			productName = "Tests iOS";
			productReference = 92AEB379268A9E380060787F /* Tests iOS.xctest */;
			productType = "com.apple.product-type.bundle.ui-testing";
		};
		92AEB383268A9E380060787F /* Tests macOS */ = {
			isa = PBXNativeTarget;
			buildConfigurationList = 92AEB3A0268A9E380060787F /* Build configuration list for PBXNativeTarget "Tests macOS" */;
			buildPhases = (
				92AEB380268A9E380060787F /* Sources */,
				92AEB381268A9E380060787F /* Frameworks */,
				92AEB382268A9E380060787F /* Resources */,
			);
			buildRules = (
			);
			dependencies = (
				92AEB386268A9E380060787F /* PBXTargetDependency */,
			);
			name = "Tests macOS";
			productName = "Tests macOS";
			productReference = 92AEB384268A9E380060787F /* Tests macOS.xctest */;
			productType = "com.apple.product-type.bundle.ui-testing";
		};
/* End PBXNativeTarget section */

/* Begin PBXProject section */
		92AEB35A268A9E350060787F /* Project object */ = {
			isa = PBXProject;
			attributes = {
				LastSwiftUpdateCheck = 1250;
				LastUpgradeCheck = 1250;
				TargetAttributes = {
					92AEB368268A9E380060787F = {
						CreatedOnToolsVersion = 12.5.1;
					};
					92AEB370268A9E380060787F = {
						CreatedOnToolsVersion = 12.5.1;
					};
					92AEB378268A9E380060787F = {
						CreatedOnToolsVersion = 12.5.1;
						TestTargetID = 92AEB368268A9E380060787F;
					};
					92AEB383268A9E380060787F = {
						CreatedOnToolsVersion = 12.5.1;
						TestTargetID = 92AEB370268A9E380060787F;
					};
				};
			};
			buildConfigurationList = 92AEB35D268A9E350060787F /* Build configuration list for PBXProject "sim" */;
			compatibilityVersion = "Xcode 9.3";
			developmentRegion = en;
			hasScannedForEncodings = 0;
			knownRegions = (
				en,
				Base,
			);
			mainGroup = 92AEB359268A9E350060787F;
			productRefGroup = 92AEB36A268A9E380060787F /* Products */;
			projectDirPath = "";
			projectRoot = "";
			targets = (
				92AEB368268A9E380060787F /* sim (iOS) */,
				92AEB370268A9E380060787F /* sim (macOS) */,
				92AEB378268A9E380060787F /* Tests iOS */,
				92AEB383268A9E380060787F /* Tests macOS */,
			);
		};
/* End PBXProject section */

/* Begin PBXResourcesBuildPhase section */
		92AEB367268A9E380060787F /* Resources */ = {
			isa = PBXResourcesBuildPhase;
			buildActionMask = 2147483647;
			files = (
				92AEB393268A9E380060787F /* Assets.xcassets in Resources */,
			);
			runOnlyForDeploymentPostprocessing = 0;
		};
		92AEB36F268A9E380060787F /* Resources */ = {
			isa = PBXResourcesBuildPhase;
			buildActionMask = 2147483647;
			files = (
				92AEB394268A9E380060787F /* Assets.xcassets in Resources */,
			);
			runOnlyForDeploymentPostprocessing = 0;
		};
		92AEB377268A9E380060787F /* Resources */ = {
			isa = PBXResourcesBuildPhase;
			buildActionMask = 2147483647;
			files = (
			);
			runOnlyForDeploymentPostprocessing = 0;
		};
		92AEB382268A9E380060787F /* Resources */ = {
			isa = PBXResourcesBuildPhase;
			buildActionMask = 2147483647;
			files = (
			);
			runOnlyForDeploymentPostprocessing = 0;
		};
/* End PBXResourcesBuildPhase section */

/* Begin PBXSourcesBuildPhase section */
		92AEB365268A9E380060787F /* Sources */ = {
			isa = PBXSourcesBuildPhase;
			buildActionMask = 2147483647;
			files = (
				92AEB38B268A9E380060787F /* sim.xcdatamodeld in Sources */,
				92AEB391268A9E380060787F /* Persistence.swift in Sources */,
				92AEB38D268A9E380060787F /* simApp.swift in Sources */,
				92AEB38F268A9E380060787F /* ContentView.swift in Sources */,
			);
			runOnlyForDeploymentPostprocessing = 0;
		};
		92AEB36D268A9E380060787F /* Sources */ = {
			isa = PBXSourcesBuildPhase;
			buildActionMask = 2147483647;
			files = (
				92AEB38C268A9E380060787F /* sim.xcdatamodeld in Sources */,
				92AEB392268A9E380060787F /* Persistence.swift in Sources */,
				92AEB38E268A9E380060787F /* simApp.swift in Sources */,
				92AEB390268A9E380060787F /* ContentView.swift in Sources */,
			);
			runOnlyForDeploymentPostprocessing = 0;
		};
		92AEB375268A9E380060787F /* Sources */ = {
			isa = PBXSourcesBuildPhase;
			buildActionMask = 2147483647;
			files = (
				92AEB37E268A9E380060787F /* Tests_iOS.swift in Sources */,
			);
			runOnlyForDeploymentPostprocessing = 0;
		};
		92AEB380268A9E380060787F /* Sources */ = {
			isa = PBXSourcesBuildPhase;
			buildActionMask = 2147483647;
			files = (
				92AEB389268A9E380060787F /* Tests_macOS.swift in Sources */,
			);
			runOnlyForDeploymentPostprocessing = 0;
		};
/* End PBXSourcesBuildPhase section */

/* Begin PBXTargetDependency section */
		92AEB37B268A9E380060787F /* PBXTargetDependency */ = {
			isa = PBXTargetDependency;
			target = 92AEB368268A9E380060787F /* sim (iOS) */;
			targetProxy = 92AEB37A268A9E380060787F /* PBXContainerItemProxy */;
		};
		92AEB386268A9E380060787F /* PBXTargetDependency */ = {
			isa = PBXTargetDependency;
			target = 92AEB370268A9E380060787F /* sim (macOS) */;
			targetProxy = 92AEB385268A9E380060787F /* PBXContainerItemProxy */;
		};
/* End PBXTargetDependency section */

/* Begin XCBuildConfiguration section */
		92AEB395268A9E380060787F /* Debug */ = {
			isa = XCBuildConfiguration;
			buildSettings = {
				ALWAYS_SEARCH_USER_PATHS = NO;
				CLANG_ANALYZER_NONNULL = YES;
				CLANG_ANALYZER_NUMBER_OBJECT_CONVERSION = YES_AGGRESSIVE;
				CLANG_CXX_LANGUAGE_STANDARD = "gnu++14";
				CLANG_CXX_LIBRARY = "libc++";
				CLANG_ENABLE_MODULES = YES;
				CLANG_ENABLE_OBJC_ARC = YES;
				CLANG_ENABLE_OBJC_WEAK = YES;
				CLANG_WARN_BLOCK_CAPTURE_AUTORELEASING = YES;
				CLANG_WARN_BOOL_CONVERSION = YES;
				CLANG_WARN_COMMA = YES;
				CLANG_WARN_CONSTANT_CONVERSION = YES;
				CLANG_WARN_DEPRECATED_OBJC_IMPLEMENTATIONS = YES;
				CLANG_WARN_DIRECT_OBJC_ISA_USAGE = YES_ERROR;
				CLANG_WARN_DOCUMENTATION_COMMENTS = YES;
				CLANG_WARN_EMPTY_BODY = YES;
				CLANG_WARN_ENUM_CONVERSION = YES;
				CLANG_WARN_INFINITE_RECURSION = YES;
				CLANG_WARN_INT_CONVERSION = YES;
				CLANG_WARN_NON_LITERAL_NULL_CONVERSION = YES;
				CLANG_WARN_OBJC_IMPLICIT_RETAIN_SELF = YES;
				CLANG_WARN_OBJC_LITERAL_CONVERSION = YES;
				CLANG_WARN_OBJC_ROOT_CLASS = YES_ERROR;
				CLANG_WARN_QUOTED_INCLUDE_IN_FRAMEWORK_HEADER = YES;
				CLANG_WARN_RANGE_LOOP_ANALYSIS = YES;
				CLANG_WARN_STRICT_PROTOTYPES = YES;
				CLANG_WARN_SUSPICIOUS_MOVE = YES;
				CLANG_WARN_UNGUARDED_AVAILABILITY = YES_AGGRESSIVE;
				CLANG_WARN_UNREACHABLE_CODE = YES;
				CLANG_WARN__DUPLICATE_METHOD_MATCH = YES;
				COPY_PHASE_STRIP = NO;
				DEBUG_INFORMATION_FORMAT = dwarf;
				ENABLE_STRICT_OBJC_MSGSEND = YES;
				ENABLE_TESTABILITY = YES;
				GCC_C_LANGUAGE_STANDARD = gnu11;
				GCC_DYNAMIC_NO_PIC = NO;
				GCC_NO_COMMON_BLOCKS = YES;
				GCC_OPTIMIZATION_LEVEL = 0;
				GCC_PREPROCESSOR_DEFINITIONS = (
					"DEBUG=1",
					"$(inherited)",
				);
				GCC_WARN_64_TO_32_BIT_CONVERSION = YES;
				GCC_WARN_ABOUT_RETURN_TYPE = YES_ERROR;
				GCC_WARN_UNDECLARED_SELECTOR = YES;
				GCC_WARN_UNINITIALIZED_AUTOS = YES_AGGRESSIVE;
				GCC_WARN_UNUSED_FUNCTION = YES;
				GCC_WARN_UNUSED_VARIABLE = YES;
				MTL_ENABLE_DEBUG_INFO = INCLUDE_SOURCE;
				MTL_FAST_MATH = YES;
				ONLY_ACTIVE_ARCH = YES;
				SWIFT_ACTIVE_COMPILATION_CONDITIONS = DEBUG;
				SWIFT_OPTIMIZATION_LEVEL = "-Onone";
			};
			name = Debug;
		};
		92AEB396268A9E380060787F /* Release */ = {
			isa = XCBuildConfiguration;
			buildSettings = {
				ALWAYS_SEARCH_USER_PATHS = NO;
				CLANG_ANALYZER_NONNULL = YES;
				CLANG_ANALYZER_NUMBER_OBJECT_CONVERSION = YES_AGGRESSIVE;
				CLANG_CXX_LANGUAGE_STANDARD = "gnu++14";
				CLANG_CXX_LIBRARY = "libc++";
				CLANG_ENABLE_MODULES = YES;
				CLANG_ENABLE_OBJC_ARC = YES;
				CLANG_ENABLE_OBJC_WEAK = YES;
				CLANG_WARN_BLOCK_CAPTURE_AUTORELEASING = YES;
				CLANG_WARN_BOOL_CONVERSION = YES;
				CLANG_WARN_COMMA = YES;
				CLANG_WARN_CONSTANT_CONVERSION = YES;
				CLANG_WARN_DEPRECATED_OBJC_IMPLEMENTATIONS = YES;
				CLANG_WARN_DIRECT_OBJC_ISA_USAGE = YES_ERROR;
				CLANG_WARN_DOCUMENTATION_COMMENTS = YES;
				CLANG_WARN_EMPTY_BODY = YES;
				CLANG_WARN_ENUM_CONVERSION = YES;
				CLANG_WARN_INFINITE_RECURSION = YES;
				CLANG_WARN_INT_CONVERSION = YES;
				CLANG_WARN_NON_LITERAL_NULL_CONVERSION = YES;
				CLANG_WARN_OBJC_IMPLICIT_RETAIN_SELF = YES;
				CLANG_WARN_OBJC_LITERAL_CONVERSION = YES;
				CLANG_WARN_OBJC_ROOT_CLASS = YES_ERROR;
				CLANG_WARN_QUOTED_INCLUDE_IN_FRAMEWORK_HEADER = YES;
				CLANG_WARN_RANGE_LOOP_ANALYSIS = YES;
				CLANG_WARN_STRICT_PROTOTYPES = YES;
				CLANG_WARN_SUSPICIOUS_MOVE = YES;
				CLANG_WARN_UNGUARDED_AVAILABILITY = YES_AGGRESSIVE;
				CLANG_WARN_UNREACHABLE_CODE = YES;
				CLANG_WARN__DUPLICATE_METHOD_MATCH = YES;
				COPY_PHASE_STRIP = NO;
				DEBUG_INFORMATION_FORMAT = "dwarf-with-dsym";
				ENABLE_NS_ASSERTIONS = NO;
				ENABLE_STRICT_OBJC_MSGSEND = YES;
				GCC_C_LANGUAGE_STANDARD = gnu11;
				GCC_NO_COMMON_BLOCKS = YES;
				GCC_WARN_64_TO_32_BIT_CONVERSION = YES;
				GCC_WARN_ABOUT_RETURN_TYPE = YES_ERROR;
				GCC_WARN_UNDECLARED_SELECTOR = YES;
				GCC_WARN_UNINITIALIZED_AUTOS = YES_AGGRESSIVE;
				GCC_WARN_UNUSED_FUNCTION = YES;
				GCC_WARN_UNUSED_VARIABLE = YES;
				MTL_ENABLE_DEBUG_INFO = NO;
				MTL_FAST_MATH = YES;
				SWIFT_COMPILATION_MODE = wholemodule;
				SWIFT_OPTIMIZATION_LEVEL = "-O";
			};
			name = Release;
		};
		92AEB398268A9E380060787F /* Debug */ = {
			isa = XCBuildConfiguration;
			buildSettings = {
				ASSETCATALOG_COMPILER_APPICON_NAME = AppIcon;
				ASSETCATALOG_COMPILER_GLOBAL_ACCENT_COLOR_NAME = AccentColor;
				CODE_SIGN_STYLE = Automatic;
				DEVELOPMENT_TEAM = PW432HVG5M;
				ENABLE_PREVIEWS = YES;
				INFOPLIST_FILE = iOS/Info.plist;
				IPHONEOS_DEPLOYMENT_TARGET = 14.0;
				LD_RUNPATH_SEARCH_PATHS = (
					"$(inherited)",
					"@executable_path/Frameworks",
				);
				PRODUCT_BUNDLE_IDENTIFIER = com.cabawa.Sim.sim;
				PRODUCT_NAME = sim;
				SDKROOT = iphoneos;
				SWIFT_VERSION = 5.0;
				TARGETED_DEVICE_FAMILY = "1,2";
			};
			name = Debug;
		};
		92AEB399268A9E380060787F /* Release */ = {
			isa = XCBuildConfiguration;
			buildSettings = {
				ASSETCATALOG_COMPILER_APPICON_NAME = AppIcon;
				ASSETCATALOG_COMPILER_GLOBAL_ACCENT_COLOR_NAME = AccentColor;
				CODE_SIGN_STYLE = Automatic;
				DEVELOPMENT_TEAM = PW432HVG5M;
				ENABLE_PREVIEWS = YES;
				INFOPLIST_FILE = iOS/Info.plist;
				IPHONEOS_DEPLOYMENT_TARGET = 14.0;
				LD_RUNPATH_SEARCH_PATHS = (
					"$(inherited)",
					"@executable_path/Frameworks",
				);
				PRODUCT_BUNDLE_IDENTIFIER = com.cabawa.Sim.sim;
				PRODUCT_NAME = sim;
				SDKROOT = iphoneos;
				SWIFT_VERSION = 5.0;
				TARGETED_DEVICE_FAMILY = "1,2";
				VALIDATE_PRODUCT = YES;
			};
			name = Release;
		};
		92AEB39B268A9E380060787F /* Debug */ = {
			isa = XCBuildConfiguration;
			buildSettings = {
				ASSETCATALOG_COMPILER_APPICON_NAME = AppIcon;
				ASSETCATALOG_COMPILER_GLOBAL_ACCENT_COLOR_NAME = AccentColor;
				CODE_SIGN_ENTITLEMENTS = macOS/macOS.entitlements;
				CODE_SIGN_STYLE = Automatic;
				COMBINE_HIDPI_IMAGES = YES;
				DEVELOPMENT_TEAM = PW432HVG5M;
				ENABLE_HARDENED_RUNTIME = YES;
				ENABLE_PREVIEWS = YES;
				INFOPLIST_FILE = macOS/Info.plist;
				LD_RUNPATH_SEARCH_PATHS = (
					"$(inherited)",
					"@executable_path/../Frameworks",
				);
				MACOSX_DEPLOYMENT_TARGET = 11.0;
				PRODUCT_BUNDLE_IDENTIFIER = com.cabawa.Sim.sim;
				PRODUCT_NAME = sim;
				SDKROOT = macosx;
				SWIFT_VERSION = 5.0;
			};
			name = Debug;
		};
		92AEB39C268A9E380060787F /* Release */ = {
			isa = XCBuildConfiguration;
			buildSettings = {
				ASSETCATALOG_COMPILER_APPICON_NAME = AppIcon;
				ASSETCATALOG_COMPILER_GLOBAL_ACCENT_COLOR_NAME = AccentColor;
				CODE_SIGN_ENTITLEMENTS = macOS/macOS.entitlements;
				CODE_SIGN_STYLE = Automatic;
				COMBINE_HIDPI_IMAGES = YES;
				DEVELOPMENT_TEAM = PW432HVG5M;
				ENABLE_HARDENED_RUNTIME = YES;
				ENABLE_PREVIEWS = YES;
				INFOPLIST_FILE = macOS/Info.plist;
				LD_RUNPATH_SEARCH_PATHS = (
					"$(inherited)",
					"@executable_path/../Frameworks",
				);
				MACOSX_DEPLOYMENT_TARGET = 11.0;
				PRODUCT_BUNDLE_IDENTIFIER = com.cabawa.Sim.sim;
				PRODUCT_NAME = sim;
				SDKROOT = macosx;
				SWIFT_VERSION = 5.0;
			};
			name = Release;
		};
		92AEB39E268A9E380060787F /* Debug */ = {
			isa = XCBuildConfiguration;
			buildSettings = {
				ALWAYS_EMBED_SWIFT_STANDARD_LIBRARIES = YES;
				CODE_SIGN_STYLE = Automatic;
				DEVELOPMENT_TEAM = PW432HVG5M;
				INFOPLIST_FILE = "Tests iOS/Info.plist";
				IPHONEOS_DEPLOYMENT_TARGET = 14.5;
				LD_RUNPATH_SEARCH_PATHS = (
					"$(inherited)",
					"@executable_path/Frameworks",
					"@loader_path/Frameworks",
				);
				PRODUCT_BUNDLE_IDENTIFIER = "com.cabawa.Sim.Tests-iOS";
				PRODUCT_NAME = "$(TARGET_NAME)";
				SDKROOT = iphoneos;
				SWIFT_VERSION = 5.0;
				TARGETED_DEVICE_FAMILY = "1,2";
				TEST_TARGET_NAME = "sim (iOS)";
			};
			name = Debug;
		};
		92AEB39F268A9E380060787F /* Release */ = {
			isa = XCBuildConfiguration;
			buildSettings = {
				ALWAYS_EMBED_SWIFT_STANDARD_LIBRARIES = YES;
				CODE_SIGN_STYLE = Automatic;
				DEVELOPMENT_TEAM = PW432HVG5M;
				INFOPLIST_FILE = "Tests iOS/Info.plist";
				IPHONEOS_DEPLOYMENT_TARGET = 14.5;
				LD_RUNPATH_SEARCH_PATHS = (
					"$(inherited)",
					"@executable_path/Frameworks",
					"@loader_path/Frameworks",
				);
				PRODUCT_BUNDLE_IDENTIFIER = "com.cabawa.Sim.Tests-iOS";
				PRODUCT_NAME = "$(TARGET_NAME)";
				SDKROOT = iphoneos;
				SWIFT_VERSION = 5.0;
				TARGETED_DEVICE_FAMILY = "1,2";
				TEST_TARGET_NAME = "sim (iOS)";
				VALIDATE_PRODUCT = YES;
			};
			name = Release;
		};
		92AEB3A1268A9E380060787F /* Debug */ = {
			isa = XCBuildConfiguration;
			buildSettings = {
				ALWAYS_EMBED_SWIFT_STANDARD_LIBRARIES = YES;
				CODE_SIGN_STYLE = Automatic;
				COMBINE_HIDPI_IMAGES = YES;
				DEVELOPMENT_TEAM = PW432HVG5M;
				INFOPLIST_FILE = "Tests macOS/Info.plist";
				LD_RUNPATH_SEARCH_PATHS = (
					"$(inherited)",
					"@executable_path/../Frameworks",
					"@loader_path/../Frameworks",
				);
				MACOSX_DEPLOYMENT_TARGET = 11.3;
				PRODUCT_BUNDLE_IDENTIFIER = "com.cabawa.Sim.Tests-macOS";
				PRODUCT_NAME = "$(TARGET_NAME)";
				SDKROOT = macosx;
				SWIFT_VERSION = 5.0;
				TEST_TARGET_NAME = "sim (macOS)";
			};
			name = Debug;
		};
		92AEB3A2268A9E380060787F /* Release */ = {
			isa = XCBuildConfiguration;
			buildSettings = {
				ALWAYS_EMBED_SWIFT_STANDARD_LIBRARIES = YES;
				CODE_SIGN_STYLE = Automatic;
				COMBINE_HIDPI_IMAGES = YES;
				DEVELOPMENT_TEAM = PW432HVG5M;
				INFOPLIST_FILE = "Tests macOS/Info.plist";
				LD_RUNPATH_SEARCH_PATHS = (
					"$(inherited)",
					"@executable_path/../Frameworks",
					"@loader_path/../Frameworks",
				);
				MACOSX_DEPLOYMENT_TARGET = 11.3;
				PRODUCT_BUNDLE_IDENTIFIER = "com.cabawa.Sim.Tests-macOS";
				PRODUCT_NAME = "$(TARGET_NAME)";
				SDKROOT = macosx;
				SWIFT_VERSION = 5.0;
				TEST_TARGET_NAME = "sim (macOS)";
			};
			name = Release;
		};
/* End XCBuildConfiguration section */

/* Begin XCConfigurationList section */
		92AEB35D268A9E350060787F /* Build configuration list for PBXProject "sim" */ = {
			isa = XCConfigurationList;
			buildConfigurations = (
				92AEB395268A9E380060787F /* Debug */,
				92AEB396268A9E380060787F /* Release */,
			);
			defaultConfigurationIsVisible = 0;
			defaultConfigurationName = Release;
		};
		92AEB397268A9E380060787F /* Build configuration list for PBXNativeTarget "sim (iOS)" */ = {
			isa = XCConfigurationList;
			buildConfigurations = (
				92AEB398268A9E380060787F /* Debug */,
				92AEB399268A9E380060787F /* Release */,
			);
			defaultConfigurationIsVisible = 0;
			defaultConfigurationName = Release;
		};
		92AEB39A268A9E380060787F /* Build configuration list for PBXNativeTarget "sim (macOS)" */ = {
			isa = XCConfigurationList;
			buildConfigurations = (
				92AEB39B268A9E380060787F /* Debug */,
				92AEB39C268A9E380060787F /* Release */,
			);
			defaultConfigurationIsVisible = 0;
			defaultConfigurationName = Release;
		};
		92AEB39D268A9E380060787F /* Build configuration list for PBXNativeTarget "Tests iOS" */ = {
			isa = XCConfigurationList;
			buildConfigurations = (
				92AEB39E268A9E380060787F /* Debug */,
				92AEB39F268A9E380060787F /* Release */,
			);
			defaultConfigurationIsVisible = 0;
			defaultConfigurationName = Release;
		};
		92AEB3A0268A9E380060787F /* Build configuration list for PBXNativeTarget "Tests macOS" */ = {
			isa = XCConfigurationList;
			buildConfigurations = (
				92AEB3A1268A9E380060787F /* Debug */,
				92AEB3A2268A9E380060787F /* Release */,
			);
			defaultConfigurationIsVisible = 0;
			defaultConfigurationName = Release;
		};
/* End XCConfigurationList section */

/* Begin XCVersionGroup section */
		92AEB35F268A9E350060787F /* sim.xcdatamodeld */ = {
			isa = XCVersionGroup;
			children = (
				92AEB360268A9E350060787F /* Shared.xcdatamodel */,
			);
			currentVersion = 92AEB360268A9E350060787F /* Shared.xcdatamodel */;
			path = sim.xcdatamodeld;
			sourceTree = "<group>";
			versionGroupType = wrapper.xcdatamodel;
		};
/* End XCVersionGroup section */
	};
	rootObject = 92AEB35A268A9E350060787F /* Project object */;
}
